
Microsoft Visual Studio Solution File, Format Version 12.00
# Visual Studio Version 17
VisualStudioVersion = 17.0.32014.148
MinimumVisualStudioVersion = 10.0.40219.1
Project("{FAE04EC0-301F-11D3-BF4B-00C04F79EFBC}") = "PowerBiManagedIdentityDemo", "PowerBiManagedIdentityDemo.csproj", "{CF659855-BE27-4A1E-9E9D-D409E61E9044}"
EndProject
Global
	GlobalSection(SolutionConfigurationPlatforms) = preSolution
		Debug|Any CPU = Debug|Any CPU
		Release|Any CPU = Release|Any CPU
	EndGlobalSection
	GlobalSection(ProjectConfigurationPlatforms) = postSolution
		{CF659855-BE27-4A1E-9E9D-D409E61E9044}.Debug|Any CPU.ActiveCfg = Debug|Any CPU
		{CF659855-BE27-4A1E-9E9D-D409E61E9044}.Debug|Any CPU.Build.0 = Debug|Any CPU
		{CF659855-BE27-4A1E-9E9D-D409E61E9044}.Release|Any CPU.ActiveCfg = Release|Any CPU
		{CF659855-BE27-4A1E-9E9D-D409E61E9044}.Release|Any CPU.Build.0 = Release|Any CPU
	EndGlobalSection
	GlobalSection(SolutionProperties) = preSolution
		HideSolutionNode = FALSE
	EndGlobalSection
	GlobalSection(ExtensibilityGlobals) = postSolution
		SolutionGuid = {53EFF814-E6DD-4A0F-9A34-FAC6021DD47F}
	EndGlobalSection
EndGlobal
